NeoBundleLock PHP-Indenting-for-VIm bb850cf07fe25693c535cb39b276319818ab0208
NeoBundleLock ctrlp-funky fd03c461054f237b358deaf083f6682603a2fdac
NeoBundleLock ctrlp.vim 564176f01d7f3f7f8ab452ff4e1f5314de7b0981
NeoBundleLock delimitMate 8bc47fd1c40cdad9ea1f36c0cf13592c70ea65e9
NeoBundleLock emmet-vim 31d903d390035ea4158dc70d49034673d993ad7b
NeoBundleLock indentLine 2a2617310b0fb4c0daf02be2ba465fada257f2d0
NeoBundleLock neobundle.vim 380d9d299300019c0a9970ae6b87faabedab0747
NeoBundleLock nerdcommenter 1f4bfd59920c101a30a74a07b824608a6e65f3fe
NeoBundleLock nerdtree 15445be5fb2559829ac7a1f05af5d713586e8ec9
NeoBundleLock php-foldexpr.vim 768ce8c4faa7ff3c8a01cc95db6d77bdf38925de
NeoBundleLock php.vim 85388c06254148929fb1726da6468f614b6168c0
NeoBundleLock syntastic c2c6a075113adbfcc4f1ad5b1c0200a0d35ceeb6
NeoBundleLock undotree 97ef890fea5452c1c4c68f0d864c7969d7aba578
NeoBundleLock vim-blade 94e659d2f002f59a0283d4a767d43fd17f05b9df
NeoBundleLock vim-javascript d7f4728f830173d5894009771432d329d9098f17
NeoBundleLock vim-javascript-syntax 9e019fccd738ba73713268a327ac3765646a4edd
NeoBundleLock vim-json f5e3181d0b33a9c51377bb7ea8492feddca8b503
NeoBundleLock vim-sneak f22ee25e5fb9c408bb595a1e5766f510392f1b90
